<?xml version="1.0" encoding="utf-8"?>
<Project ToolsVersion="4.0" xmlns="http://schemas.microsoft.com/developer/msbuild/2003">
  <ItemGroup>
    <Filter Include="资源文件">
      <UniqueIdentifier>{67DA6AB6-F800-4c08-8B7A-83BB121AAD01}</UniqueIdentifier>
      <Extensions>rc;ico;cur;bmp;dlg;rc2;rct;bin;rgs;gif;jpg;jpeg;jpe;resx;tiff;tif;png;wav;mfcribbon-ms</Extensions>
    </Filter>
    <Filter Include="client">
      <UniqueIdentifier>{1db24ad5-9629-4285-98ff-c331a45a3b1d}</UniqueIdentifier>
    </Filter>
    <Filter Include="interface">
      <UniqueIdentifier>{028f9875-4d24-4aad-8a53-db60bccb27f7}</UniqueIdentifier>
    </Filter>
  </ItemGroup>
  <ItemGroup>
    <ClInclude Include="..\network_interface\include\net.h">
      <Filter>interface</Filter>
    </ClInclude>
    <ClInclude Include="..\network_interface\include\net_client.h">
      <Filter>interface</Filter>
    </ClInclude>
    <ClInclude Include="..\network_interface\include\net_common.h">
      <Filter>interface</Filter>
    </ClInclude>
    <ClInclude Include="..\network_interface\include\net_connection.h">
      <Filter>interface</Filter>
    </ClInclude>
    <ClInclude Include="..\network_interface\include\net_message.h">
      <Filter>interface</Filter>
    </ClInclude>
    <ClInclude Include="..\network_interface\include\net_tsqueue.h">
      <Filter>interface</Filter>
    </ClInclude>
  </ItemGroup>
  <ItemGroup>
    <ClCompile Include="demo_client.cpp">
      <Filter>client</Filter>
    </ClCompile>
  </ItemGroup>
</Project>