
Microsoft Visual Studio Solution File, Format Version 12.00
# Visual Studio Version 17
VisualStudioVersion = 17.4.33403.182
MinimumVisualStudioVersion = 10.0.40219.1
Project("{8BC9CEB8-8B4A-11D0-8D11-00A0C91BC942}") = "net_client", "net_client\net_client.vcxproj", "{F7B406E0-E348-469D-915A-119C757045E3}"
EndProject
Project("{8BC9CEB8-8B4A-11D0-8D11-00A0C91BC942}") = "net_server", "net_server\net_server.vcxproj", "{7965A9AD-BC93-4E66-89B0-9305C1A803BC}"
EndProject
Project("{8BC9CEB8-8B4A-11D0-8D11-00A0C91BC942}") = "network_interface", "network_interface\network_interface.vcxproj", "{11A7C54B-7D19-4CAB-90F1-C50A9B763156}"
EndProject
Global
	GlobalSection(SolutionConfigurationPlatforms) = preSolution
		Debug|x64 = Debug|x64
		Debug|x86 = Debug|x86
		Release|x64 = Release|x64
		Release|x86 = Release|x86
	EndGlobalSection
	GlobalSection(ProjectConfigurationPlatforms) = postSolution
		{F7B406E0-E348-469D-915A-119C757045E3}.Debug|x64.ActiveCfg = Debug|x64
		{F7B406E0-E348-469D-915A-119C757045E3}.Debug|x64.Build.0 = Debug|x64
		{F7B406E0-E348-469D-915A-119C757045E3}.Debug|x86.ActiveCfg = Debug|Win32
		{F7B406E0-E348-469D-915A-119C757045E3}.Debug|x86.Build.0 = Debug|Win32
		{F7B406E0-E348-469D-915A-119C757045E3}.Release|x64.ActiveCfg = Release|x64
		{F7B406E0-E348-469D-915A-119C757045E3}.Release|x64.Build.0 = Release|x64
		{F7B406E0-E348-469D-915A-119C757045E3}.Release|x86.ActiveCfg = Release|Win32
		{F7B406E0-E348-469D-915A-119C757045E3}.Release|x86.Build.0 = Release|Win32
		{7965A9AD-BC93-4E66-89B0-9305C1A803BC}.Debug|x64.ActiveCfg = Debug|x64
		{7965A9AD-BC93-4E66-89B0-9305C1A803BC}.Debug|x64.Build.0 = Debug|x64
		{7965A9AD-BC93-4E66-89B0-9305C1A803BC}.Debug|x86.ActiveCfg = Debug|Win32
		{7965A9AD-BC93-4E66-89B0-9305C1A803BC}.Debug|x86.Build.0 = Debug|Win32
		{7965A9AD-BC93-4E66-89B0-9305C1A803BC}.Release|x64.ActiveCfg = Release|x64
		{7965A9AD-BC93-4E66-89B0-9305C1A803BC}.Release|x64.Build.0 = Release|x64
		{7965A9AD-BC93-4E66-89B0-9305C1A803BC}.Release|x86.ActiveCfg = Release|Win32
		{7965A9AD-BC93-4E66-89B0-9305C1A803BC}.Release|x86.Build.0 = Release|Win32
		{11A7C54B-7D19-4CAB-90F1-C50A9B763156}.Debug|x64.ActiveCfg = Debug|x64
		{11A7C54B-7D19-4CAB-90F1-C50A9B763156}.Debug|x86.ActiveCfg = Debug|Win32
		{11A7C54B-7D19-4CAB-90F1-C50A9B763156}.Debug|x86.Build.0 = Debug|Win32
		{11A7C54B-7D19-4CAB-90F1-C50A9B763156}.Release|x64.ActiveCfg = Release|x64
		{11A7C54B-7D19-4CAB-90F1-C50A9B763156}.Release|x64.Build.0 = Release|x64
		{11A7C54B-7D19-4CAB-90F1-C50A9B763156}.Release|x86.ActiveCfg = Release|Win32
		{11A7C54B-7D19-4CAB-90F1-C50A9B763156}.Release|x86.Build.0 = Release|Win32
	EndGlobalSection
	GlobalSection(SolutionProperties) = preSolution
		HideSolutionNode = FALSE
	EndGlobalSection
	GlobalSection(ExtensibilityGlobals) = postSolution
		SolutionGuid = {15BBB0BD-8E5D-4EAE-B0C0-32B358F9A929}
	EndGlobalSection
EndGlobal
